<Solution>
  <Project Path="SteamKOntroller.App/SteamKOntroller.App.csproj">
    <Platform Solution="Debug|*" Project="x64" />
  </Project>
  <Project Path="SteamKOntroller.Core/SteamKOntroller.Core.csproj" />
  <Project Path="SteamKOntroller.InputProbe/SteamKOntroller.InputProbe.csproj" />
  <Project Path="SteamKOntroller.Tests/SteamKOntroller.Tests.csproj" />
</Solution>
